// !$*UTF8*$!
{
	archiveVersion = 1;
	classes = {
	};
	objectVersion = 46;
	objects = {

/* Begin PBXBuildFile section */
		C60E033E1F25DBDF00954BD5 /* main.m in Sources */ = {isa = PBXBuildFile; fileRef = C60E033D1F25DBDF00954BD5 /* main.m */; };
		C60E03411F25DBDF00954BD5 /* AppDelegate.m in Sources */ = {isa = PBXBuildFile; fileRef = C60E03401F25DBDF00954BD5 /* AppDelegate.m */; };
		C60E03441F25DBDF00954BD5 /* ViewController.m in Sources */ = {isa = PBXBuildFile; fileRef = C60E03431F25DBDF00954BD5 /* ViewController.m */; };
		C60E03471F25DBDF00954BD5 /* Main.storyboard in Resources */ = {isa = PBXBuildFile; fileRef = C60E03451F25DBDF00954BD5 /* Main.storyboard */; };
		C60E03491F25DBDF00954BD5 /* Assets.xcassets in Resources */ = {isa = PBXBuildFile; fileRef = C60E03481F25DBDF00954BD5 /* Assets.xcassets */; };
		C60E034C1F25DBDF00954BD5 /* LaunchScreen.storyboard in Resources */ = {isa = PBXBuildFile; fileRef = C60E034A1F25DBDF00954BD5 /* LaunchScreen.storyboard */; };
		C60E03571F25DBDF00954BD5 /* LYSheetCustomTests.m in Sources */ = {isa = PBXBuildFile; fileRef = C60E03561F25DBDF00954BD5 /* LYSheetCustomTests.m */; };
		C60E03621F25DBDF00954BD5 /* LYSheetCustomUITests.m in Sources */ = {isa = PBXBuildFile; fileRef = C60E03611F25DBDF00954BD5 /* LYSheetCustomUITests.m */; };
		C6134D5F1F676AE1008E02C1 /* LYAlertCustom.m in Sources */ = {isa = PBXBuildFile; fileRef = C6134D5E1F676AE1008E02C1 /* LYAlertCustom.m */; };
		C6784BF820DE3850001EBC40 /* LYPickerView.m in Sources */ = {isa = PBXBuildFile; fileRef = C6784BF720DE3850001EBC40 /* LYPickerView.m */; };
		C696053E21F9DBAC006D5D39 /* RegionModel.m in Sources */ = {isa = PBXBuildFile; fileRef = C696053A21F9DBAC006D5D39 /* RegionModel.m */; };
		C696053F21F9DBAC006D5D39 /* city.plist in Resources */ = {isa = PBXBuildFile; fileRef = C696053B21F9DBAC006D5D39 /* city.plist */; };
		C696054021F9DBAC006D5D39 /* LYCityPickerView.m in Sources */ = {isa = PBXBuildFile; fileRef = C696053C21F9DBAC006D5D39 /* LYCityPickerView.m */; };
		C698ECF620C62ACE00741642 /* LYDatePicker.m in Sources */ = {isa = PBXBuildFile; fileRef = C698ECF520C62ACE00741642 /* LYDatePicker.m */; };
		C6D424B621BFBC2A00FE06BA /* LYSheetCustom.m in Sources */ = {isa = PBXBuildFile; fileRef = C6D424B521BFBC2A00FE06BA /* LYSheetCustom.m */; };
		C6EDB26B20C4F35E00D6537D /* LYActionSheet.m in Sources */ = {isa = PBXBuildFile; fileRef = C6EDB26A20C4F35E00D6537D /* LYActionSheet.m */; };
/* End PBXBuildFile section */

/* Begin PBXContainerItemProxy section */
		C60E03531F25DBDF00954BD5 /* PBXContainerItemProxy */ = {
			isa = PBXContainerItemProxy;
			containerPortal = C60E03311F25DBDF00954BD5 /* Project object */;
			proxyType = 1;
			remoteGlobalIDString = C60E03381F25DBDF00954BD5;
			remoteInfo = LYSheetCustom;
		};
		C60E035E1F25DBDF00954BD5 /* PBXContainerItemProxy */ = {
			isa = PBXContainerItemProxy;
			containerPortal = C60E03311F25DBDF00954BD5 /* Project object */;
			proxyType = 1;
			remoteGlobalIDString = C60E03381F25DBDF00954BD5;
			remoteInfo = LYSheetCustom;
		};
/* End PBXContainerItemProxy section */

/* Begin PBXFileReference section */
		C60E03391F25DBDF00954BD5 /* LYSheetCustom.app */ = {isa = PBXFileReference; explicitFileType = wrapper.application; includeInIndex = 0; path = LYSheetCustom.app; sourceTree = BUILT_PRODUCTS_DIR; };
		C60E033D1F25DBDF00954BD5 /* main.m */ = {isa = PBXFileReference; lastKnownFileType = sourcecode.c.objc; path = main.m; sourceTree = "<group>"; };
		C60E033F1F25DBDF00954BD5 /* AppDelegate.h */ = {isa = PBXFileReference; lastKnownFileType = sourcecode.c.h; path = AppDelegate.h; sourceTree = "<group>"; };
		C60E03401F25DBDF00954BD5 /* AppDelegate.m */ = {isa = PBXFileReference; lastKnownFileType = sourcecode.c.objc; path = AppDelegate.m; sourceTree = "<group>"; };
		C60E03421F25DBDF00954BD5 /* ViewController.h */ = {isa = PBXFileReference; lastKnownFileType = sourcecode.c.h; path = ViewController.h; sourceTree = "<group>"; };
		C60E03431F25DBDF00954BD5 /* ViewController.m */ = {isa = PBXFileReference; lastKnownFileType = sourcecode.c.objc; path = ViewController.m; sourceTree = "<group>"; };
		C60E03461F25DBDF00954BD5 /* Base */ = {isa = PBXFileReference; lastKnownFileType = file.storyboard; name = Base; path = Base.lproj/Main.storyboard; sourceTree = "<group>"; };
		C60E03481F25DBDF00954BD5 /* Assets.xcassets */ = {isa = PBXFileReference; lastKnownFileType = folder.assetcatalog; path = Assets.xcassets; sourceTree = "<group>"; };
		C60E034B1F25DBDF00954BD5 /* Base */ = {isa = PBXFileReference; lastKnownFileType = file.storyboard; name = Base; path = Base.lproj/LaunchScreen.storyboard; sourceTree = "<group>"; };
		C60E034D1F25DBDF00954BD5 /* Info.plist */ = {isa = PBXFileReference; lastKnownFileType = text.plist.xml; path = Info.plist; sourceTree = "<group>"; };
		C60E03521F25DBDF00954BD5 /* LYSheetCustomTests.xctest */ = {isa = PBXFileReference; explicitFileType = wrapper.cfbundle; includeInIndex = 0; path = LYSheetCustomTests.xctest; sourceTree = BUILT_PRODUCTS_DIR; };
		C60E03561F25DBDF00954BD5 /* LYSheetCustomTests.m */ = {isa = PBXFileReference; lastKnownFileType = sourcecode.c.objc; path = LYSheetCustomTests.m; sourceTree = "<group>"; };
		C60E03581F25DBDF00954BD5 /* Info.plist */ = {isa = PBXFileReference; lastKnownFileType = text.plist.xml; path = Info.plist; sourceTree = "<group>"; };
		C60E035D1F25DBDF00954BD5 /* LYSheetCustomUITests.xctest */ = {isa = PBXFileReference; explicitFileType = wrapper.cfbundle; includeInIndex = 0; path = LYSheetCustomUITests.xctest; sourceTree = BUILT_PRODUCTS_DIR; };
		C60E03611F25DBDF00954BD5 /* LYSheetCustomUITests.m */ = {isa = PBXFileReference; lastKnownFileType = sourcecode.c.objc; path = LYSheetCustomUITests.m; sourceTree = "<group>"; };
		C60E03631F25DBDF00954BD5 /* Info.plist */ = {isa = PBXFileReference; lastKnownFileType = text.plist.xml; path = Info.plist; sourceTree = "<group>"; };
		C6134D5D1F676AE1008E02C1 /* LYAlertCustom.h */ = {isa = PBXFileReference; fileEncoding = 4; lastKnownFileType = sourcecode.c.h; path = LYAlertCustom.h; sourceTree = "<group>"; };
		C6134D5E1F676AE1008E02C1 /* LYAlertCustom.m */ = {isa = PBXFileReference; fileEncoding = 4; lastKnownFileType = sourcecode.c.objc; path = LYAlertCustom.m; sourceTree = "<group>"; };
		C6444EFB1F7A00BE0008A557 /* LYAlertCustom.png */ = {isa = PBXFileReference; lastKnownFileType = image.png; path = LYAlertCustom.png; sourceTree = "<group>"; };
		C6444EFC1F7A00BE0008A557 /* LYSheetCustom.png */ = {isa = PBXFileReference; lastKnownFileType = image.png; path = LYSheetCustom.png; sourceTree = "<group>"; };
		C6784BF620DE3850001EBC40 /* LYPickerView.h */ = {isa = PBXFileReference; lastKnownFileType = sourcecode.c.h; path = LYPickerView.h; sourceTree = "<group>"; };
		C6784BF720DE3850001EBC40 /* LYPickerView.m */ = {isa = PBXFileReference; lastKnownFileType = sourcecode.c.objc; path = LYPickerView.m; sourceTree = "<group>"; };
		C696053921F9DBAC006D5D39 /* LYCityPickerView.h */ = {isa = PBXFileReference; fileEncoding = 4; lastKnownFileType = sourcecode.c.h; path = LYCityPickerView.h; sourceTree = "<group>"; };
		C696053A21F9DBAC006D5D39 /* RegionModel.m */ = {isa = PBXFileReference; fileEncoding = 4; lastKnownFileType = sourcecode.c.objc; path = RegionModel.m; sourceTree = "<group>"; };
		C696053B21F9DBAC006D5D39 /* city.plist */ = {isa = PBXFileReference; fileEncoding = 4; lastKnownFileType = text.plist.xml; path = city.plist; sourceTree = "<group>"; };
		C696053C21F9DBAC006D5D39 /* LYCityPickerView.m */ = {isa = PBXFileReference; fileEncoding = 4; lastKnownFileType = sourcecode.c.objc; path = LYCityPickerView.m; sourceTree = "<group>"; };
		C696053D21F9DBAC006D5D39 /* RegionModel.h */ = {isa = PBXFileReference; fileEncoding = 4; lastKnownFileType = sourcecode.c.h; path = RegionModel.h; sourceTree = "<group>"; };
		C698ECF420C62ACE00741642 /* LYDatePicker.h */ = {isa = PBXFileReference; lastKnownFileType = sourcecode.c.h; path = LYDatePicker.h; sourceTree = "<group>"; };
		C698ECF520C62ACE00741642 /* LYDatePicker.m */ = {isa = PBXFileReference; lastKnownFileType = sourcecode.c.objc; path = LYDatePicker.m; sourceTree = "<group>"; };
		C6D424B421BFBC2A00FE06BA /* LYSheetCustom.h */ = {isa = PBXFileReference; fileEncoding = 4; lastKnownFileType = sourcecode.c.h; path = LYSheetCustom.h; sourceTree = "<group>"; };
		C6D424B521BFBC2A00FE06BA /* LYSheetCustom.m */ = {isa = PBXFileReference; fileEncoding = 4; lastKnownFileType = sourcecode.c.objc; path = LYSheetCustom.m; sourceTree = "<group>"; };
		C6EDB26920C4F35E00D6537D /* LYActionSheet.h */ = {isa = PBXFileReference; lastKnownFileType = sourcecode.c.h; path = LYActionSheet.h; sourceTree = "<group>"; };
		C6EDB26A20C4F35E00D6537D /* LYActionSheet.m */ = {isa = PBXFileReference; lastKnownFileType = sourcecode.c.objc; path = LYActionSheet.m; sourceTree = "<group>"; };
/* End PBXFileReference section */

/* Begin PBXFrameworksBuildPhase section */
		C60E03361F25DBDF00954BD5 /* Frameworks */ = {
			isa = PBXFrameworksBuildPhase;
			buildActionMask = 2147483647;
			files = (
			);
			runOnlyForDeploymentPostprocessing = 0;
		};
		C60E034F1F25DBDF00954BD5 /* Frameworks */ = {
			isa = PBXFrameworksBuildPhase;
			buildActionMask = 2147483647;
			files = (
			);
			runOnlyForDeploymentPostprocessing = 0;
		};
		C60E035A1F25DBDF00954BD5 /* Frameworks */ = {
			isa = PBXFrameworksBuildPhase;
			buildActionMask = 2147483647;
			files = (
			);
			runOnlyForDeploymentPostprocessing = 0;
		};
/* End PBXFrameworksBuildPhase section */

/* Begin PBXGroup section */
		B67EB8031F4B28E900688175 /* LYAlertCustom */ = {
			isa = PBXGroup;
			children = (
				C6134D5D1F676AE1008E02C1 /* LYAlertCustom.h */,
				C6134D5E1F676AE1008E02C1 /* LYAlertCustom.m */,
			);
			path = LYAlertCustom;
			sourceTree = "<group>";
		};
		C60E03301F25DBDF00954BD5 = {
			isa = PBXGroup;
			children = (
				C60E033B1F25DBDF00954BD5 /* LYSheetCustom */,
				C60E03551F25DBDF00954BD5 /* LYSheetCustomTests */,
				C60E03601F25DBDF00954BD5 /* LYSheetCustomUITests */,
				C60E033A1F25DBDF00954BD5 /* Products */,
			);
			sourceTree = "<group>";
		};
		C60E033A1F25DBDF00954BD5 /* Products */ = {
			isa = PBXGroup;
			children = (
				C60E03391F25DBDF00954BD5 /* LYSheetCustom.app */,
				C60E03521F25DBDF00954BD5 /* LYSheetCustomTests.xctest */,
				C60E035D1F25DBDF00954BD5 /* LYSheetCustomUITests.xctest */,
			);
			name = Products;
			sourceTree = "<group>";
		};
		C60E033B1F25DBDF00954BD5 /* LYSheetCustom */ = {
			isa = PBXGroup;
			children = (
				B67EB8031F4B28E900688175 /* LYAlertCustom */,
				C60E036F1F25F7DE00954BD5 /* LYSheetCustom */,
				C6EDB26820C4F32400D6537D /* LYActionSheet */,
				C698ECF320C62AA800741642 /* LYDatePicker */,
				C6784BF520DE3734001EBC40 /* LYPickerView */,
				C696053821F9DBAC006D5D39 /* LYCityPickerView */,
				C60E033F1F25DBDF00954BD5 /* AppDelegate.h */,
				C60E03401F25DBDF00954BD5 /* AppDelegate.m */,
				C60E03421F25DBDF00954BD5 /* ViewController.h */,
				C60E03431F25DBDF00954BD5 /* ViewController.m */,
				C60E033C1F25DBDF00954BD5 /* Supporting Files */,
			);
			path = LYSheetCustom;
			sourceTree = "<group>";
		};
		C60E033C1F25DBDF00954BD5 /* Supporting Files */ = {
			isa = PBXGroup;
			children = (
				C6444EFB1F7A00BE0008A557 /* LYAlertCustom.png */,
				C6444EFC1F7A00BE0008A557 /* LYSheetCustom.png */,
				C60E03451F25DBDF00954BD5 /* Main.storyboard */,
				C60E03481F25DBDF00954BD5 /* Assets.xcassets */,
				C60E034A1F25DBDF00954BD5 /* LaunchScreen.storyboard */,
				C60E034D1F25DBDF00954BD5 /* Info.plist */,
				C60E033D1F25DBDF00954BD5 /* main.m */,
			);
			name = "Supporting Files";
			sourceTree = "<group>";
		};
		C60E03551F25DBDF00954BD5 /* LYSheetCustomTests */ = {
			isa = PBXGroup;
			children = (
				C60E03561F25DBDF00954BD5 /* LYSheetCustomTests.m */,
				C60E03581F25DBDF00954BD5 /* Info.plist */,
			);
			path = LYSheetCustomTests;
			sourceTree = "<group>";
		};
		C60E03601F25DBDF00954BD5 /* LYSheetCustomUITests */ = {
			isa = PBXGroup;
			children = (
				C60E03611F25DBDF00954BD5 /* LYSheetCustomUITests.m */,
				C60E03631F25DBDF00954BD5 /* Info.plist */,
			);
			path = LYSheetCustomUITests;
			sourceTree = "<group>";
		};
		C60E036F1F25F7DE00954BD5 /* LYSheetCustom */ = {
			isa = PBXGroup;
			children = (
				C6D424B421BFBC2A00FE06BA /* LYSheetCustom.h */,
				C6D424B521BFBC2A00FE06BA /* LYSheetCustom.m */,
			);
			path = LYSheetCustom;
			sourceTree = "<group>";
		};
		C6784BF520DE3734001EBC40 /* LYPickerView */ = {
			isa = PBXGroup;
			children = (
				C6784BF620DE3850001EBC40 /* LYPickerView.h */,
				C6784BF720DE3850001EBC40 /* LYPickerView.m */,
			);
			path = LYPickerView;
			sourceTree = "<group>";
		};
		C696053821F9DBAC006D5D39 /* LYCityPickerView */ = {
			isa = PBXGroup;
			children = (
				C696053921F9DBAC006D5D39 /* LYCityPickerView.h */,
				C696053C21F9DBAC006D5D39 /* LYCityPickerView.m */,
				C696053D21F9DBAC006D5D39 /* RegionModel.h */,
				C696053A21F9DBAC006D5D39 /* RegionModel.m */,
				C696053B21F9DBAC006D5D39 /* city.plist */,
			);
			path = LYCityPickerView;
			sourceTree = "<group>";
		};
		C698ECF320C62AA800741642 /* LYDatePicker */ = {
			isa = PBXGroup;
			children = (
				C698ECF420C62ACE00741642 /* LYDatePicker.h */,
				C698ECF520C62ACE00741642 /* LYDatePicker.m */,
			);
			path = LYDatePicker;
			sourceTree = "<group>";
		};
		C6EDB26820C4F32400D6537D /* LYActionSheet */ = {
			isa = PBXGroup;
			children = (
				C6EDB26920C4F35E00D6537D /* LYActionSheet.h */,
				C6EDB26A20C4F35E00D6537D /* LYActionSheet.m */,
			);
			path = LYActionSheet;
			sourceTree = "<group>";
		};
/* End PBXGroup section */

/* Begin PBXNativeTarget section */
		C60E03381F25DBDF00954BD5 /* LYSheetCustom */ = {
			isa = PBXNativeTarget;
			buildConfigurationList = C60E03661F25DBDF00954BD5 /* Build configuration list for PBXNativeTarget "LYSheetCustom" */;
			buildPhases = (
				C60E03351F25DBDF00954BD5 /* Sources */,
				C60E03361F25DBDF00954BD5 /* Frameworks */,
				C60E03371F25DBDF00954BD5 /* Resources */,
			);
			buildRules = (
			);
			dependencies = (
			);
			name = LYSheetCustom;
			productName = LYSheetCustom;
			productReference = C60E03391F25DBDF00954BD5 /* LYSheetCustom.app */;
			productType = "com.apple.product-type.application";
		};
		C60E03511F25DBDF00954BD5 /* LYSheetCustomTests */ = {
			isa = PBXNativeTarget;
			buildConfigurationList = C60E03691F25DBDF00954BD5 /* Build configuration list for PBXNativeTarget "LYSheetCustomTests" */;
			buildPhases = (
				C60E034E1F25DBDF00954BD5 /* Sources */,
				C60E034F1F25DBDF00954BD5 /* Frameworks */,
				C60E03501F25DBDF00954BD5 /* Resources */,
			);
			buildRules = (
			);
			dependencies = (
				C60E03541F25DBDF00954BD5 /* PBXTargetDependency */,
			);
			name = LYSheetCustomTests;
			productName = LYSheetCustomTests;
			productReference = C60E03521F25DBDF00954BD5 /* LYSheetCustomTests.xctest */;
			productType = "com.apple.product-type.bundle.unit-test";
		};
		C60E035C1F25DBDF00954BD5 /* LYSheetCustomUITests */ = {
			isa = PBXNativeTarget;
			buildConfigurationList = C60E036C1F25DBDF00954BD5 /* Build configuration list for PBXNativeTarget "LYSheetCustomUITests" */;
			buildPhases = (
				C60E03591F25DBDF00954BD5 /* Sources */,
				C60E035A1F25DBDF00954BD5 /* Frameworks */,
				C60E035B1F25DBDF00954BD5 /* Resources */,
			);
			buildRules = (
			);
			dependencies = (
				C60E035F1F25DBDF00954BD5 /* PBXTargetDependency */,
			);
			name = LYSheetCustomUITests;
			productName = LYSheetCustomUITests;
			productReference = C60E035D1F25DBDF00954BD5 /* LYSheetCustomUITests.xctest */;
			productType = "com.apple.product-type.bundle.ui-testing";
		};
/* End PBXNativeTarget section */

/* Begin PBXProject section */
		C60E03311F25DBDF00954BD5 /* Project object */ = {
			isa = PBXProject;
			attributes = {
				LastUpgradeCheck = 0900;
				ORGANIZATIONNAME = "Li Yang";
				TargetAttributes = {
					C60E03381F25DBDF00954BD5 = {
						CreatedOnToolsVersion = 8.2.1;
						DevelopmentTeam = ZE26F429EL;
						ProvisioningStyle = Automatic;
					};
					C60E03511F25DBDF00954BD5 = {
						CreatedOnToolsVersion = 8.2.1;
						DevelopmentTeam = ZE26F429EL;
						ProvisioningStyle = Automatic;
						TestTargetID = C60E03381F25DBDF00954BD5;
					};
					C60E035C1F25DBDF00954BD5 = {
						CreatedOnToolsVersion = 8.2.1;
						DevelopmentTeam = ZE26F429EL;
						ProvisioningStyle = Automatic;
						TestTargetID = C60E03381F25DBDF00954BD5;
					};
				};
			};
			buildConfigurationList = C60E03341F25DBDF00954BD5 /* Build configuration list for PBXProject "LYSheetCustom" */;
			compatibilityVersion = "Xcode 3.2";
			developmentRegion = English;
			hasScannedForEncodings = 0;
			knownRegions = (
				en,
				Base,
			);
			mainGroup = C60E03301F25DBDF00954BD5;
			productRefGroup = C60E033A1F25DBDF00954BD5 /* Products */;
			projectDirPath = "";
			projectRoot = "";
			targets = (
				C60E03381F25DBDF00954BD5 /* LYSheetCustom */,
				C60E03511F25DBDF00954BD5 /* LYSheetCustomTests */,
				C60E035C1F25DBDF00954BD5 /* LYSheetCustomUITests */,
			);
		};
/* End PBXProject section */

/* Begin PBXResourcesBuildPhase section */
		C60E03371F25DBDF00954BD5 /* Resources */ = {
			isa = PBXResourcesBuildPhase;
			buildActionMask = 2147483647;
			files = (
				C60E034C1F25DBDF00954BD5 /* LaunchScreen.storyboard in Resources */,
				C696053F21F9DBAC006D5D39 /* city.plist in Resources */,
				C60E03491F25DBDF00954BD5 /* Assets.xcassets in Resources */,
				C60E03471F25DBDF00954BD5 /* Main.storyboard in Resources */,
			);
			runOnlyForDeploymentPostprocessing = 0;
		};
		C60E03501F25DBDF00954BD5 /* Resources */ = {
			isa = PBXResourcesBuildPhase;
			buildActionMask = 2147483647;
			files = (
			);
			runOnlyForDeploymentPostprocessing = 0;
		};
		C60E035B1F25DBDF00954BD5 /* Resources */ = {
			isa = PBXResourcesBuildPhase;
			buildActionMask = 2147483647;
			files = (
			);
			runOnlyForDeploymentPostprocessing = 0;
		};
/* End PBXResourcesBuildPhase section */

/* Begin PBXSourcesBuildPhase section */
		C60E03351F25DBDF00954BD5 /* Sources */ = {
			isa = PBXSourcesBuildPhase;
			buildActionMask = 2147483647;
			files = (
				C6EDB26B20C4F35E00D6537D /* LYActionSheet.m in Sources */,
				C60E03441F25DBDF00954BD5 /* ViewController.m in Sources */,
				C696054021F9DBAC006D5D39 /* LYCityPickerView.m in Sources */,
				C6134D5F1F676AE1008E02C1 /* LYAlertCustom.m in Sources */,
				C6D424B621BFBC2A00FE06BA /* LYSheetCustom.m in Sources */,
				C60E03411F25DBDF00954BD5 /* AppDelegate.m in Sources */,
				C698ECF620C62ACE00741642 /* LYDatePicker.m in Sources */,
				C60E033E1F25DBDF00954BD5 /* main.m in Sources */,
				C696053E21F9DBAC006D5D39 /* RegionModel.m in Sources */,
				C6784BF820DE3850001EBC40 /* LYPickerView.m in Sources */,
			);
			runOnlyForDeploymentPostprocessing = 0;
		};
		C60E034E1F25DBDF00954BD5 /* Sources */ = {
			isa = PBXSourcesBuildPhase;
			buildActionMask = 2147483647;
			files = (
				C60E03571F25DBDF00954BD5 /* LYSheetCustomTests.m in Sources */,
			);
			runOnlyForDeploymentPostprocessing = 0;
		};
		C60E03591F25DBDF00954BD5 /* Sources */ = {
			isa = PBXSourcesBuildPhase;
			buildActionMask = 2147483647;
			files = (
				C60E03621F25DBDF00954BD5 /* LYSheetCustomUITests.m in Sources */,
			);
			runOnlyForDeploymentPostprocessing = 0;
		};
/* End PBXSourcesBuildPhase section */

/* Begin PBXTargetDependency section */
		C60E03541F25DBDF00954BD5 /* PBXTargetDependency */ = {
			isa = PBXTargetDependency;
			target = C60E03381F25DBDF00954BD5 /* LYSheetCustom */;
			targetProxy = C60E03531F25DBDF00954BD5 /* PBXContainerItemProxy */;
		};
		C60E035F1F25DBDF00954BD5 /* PBXTargetDependency */ = {
			isa = PBXTargetDependency;
			target = C60E03381F25DBDF00954BD5 /* LYSheetCustom */;
			targetProxy = C60E035E1F25DBDF00954BD5 /* PBXContainerItemProxy */;
		};
/* End PBXTargetDependency section */

/* Begin PBXVariantGroup section */
		C60E03451F25DBDF00954BD5 /* Main.storyboard */ = {
			isa = PBXVariantGroup;
			children = (
				C60E03461F25DBDF00954BD5 /* Base */,
			);
			name = Main.storyboard;
			sourceTree = "<group>";
		};
		C60E034A1F25DBDF00954BD5 /* LaunchScreen.storyboard */ = {
			isa = PBXVariantGroup;
			children = (
				C60E034B1F25DBDF00954BD5 /* Base */,
			);
			name = LaunchScreen.storyboard;
			sourceTree = "<group>";
		};
/* End PBXVariantGroup section */

/* Begin XCBuildConfiguration section */
		C60E03641F25DBDF00954BD5 /* Debug */ = {
			isa = XCBuildConfiguration;
			buildSettings = {
				ALWAYS_SEARCH_USER_PATHS = NO;
				CLANG_ANALYZER_NONNULL = YES;
				CLANG_CXX_LANGUAGE_STANDARD = "gnu++0x";
				CLANG_CXX_LIBRARY = "libc++";
				CLANG_ENABLE_MODULES = YES;
				CLANG_ENABLE_OBJC_ARC = YES;
				CLANG_WARN_BLOCK_CAPTURE_AUTORELEASING = YES;
				CLANG_WARN_BOOL_CONVERSION = YES;
				CLANG_WARN_COMMA = YES;
				CLANG_WARN_CONSTANT_CONVERSION = YES;
				CLANG_WARN_DIRECT_OBJC_ISA_USAGE = YES_ERROR;
				CLANG_WARN_DOCUMENTATION_COMMENTS = YES;
				CLANG_WARN_EMPTY_BODY = YES;
				CLANG_WARN_ENUM_CONVERSION = YES;
				CLANG_WARN_INFINITE_RECURSION = YES;
				CLANG_WARN_INT_CONVERSION = YES;
				CLANG_WARN_NON_LITERAL_NULL_CONVERSION = YES;
				CLANG_WARN_OBJC_LITERAL_CONVERSION = YES;
				CLANG_WARN_OBJC_ROOT_CLASS = YES_ERROR;
				CLANG_WARN_RANGE_LOOP_ANALYSIS = YES;
				CLANG_WARN_STRICT_PROTOTYPES = YES;
				CLANG_WARN_SUSPICIOUS_MOVE = YES;
				CLANG_WARN_UNREACHABLE_CODE = YES;
				CLANG_WARN__DUPLICATE_METHOD_MATCH = YES;
				"CODE_SIGN_IDENTITY[sdk=iphoneos*]" = "iPhone Developer";
				COPY_PHASE_STRIP = NO;
				DEBUG_INFORMATION_FORMAT = dwarf;
				ENABLE_STRICT_OBJC_MSGSEND = YES;
				ENABLE_TESTABILITY = YES;
				GCC_C_LANGUAGE_STANDARD = gnu99;
				GCC_DYNAMIC_NO_PIC = NO;
				GCC_NO_COMMON_BLOCKS = YES;
				GCC_OPTIMIZATION_LEVEL = 0;
				GCC_PREPROCESSOR_DEFINITIONS = (
					"DEBUG=1",
					"$(inherited)",
				);
				GCC_WARN_64_TO_32_BIT_CONVERSION = YES;
				GCC_WARN_ABOUT_RETURN_TYPE = YES_ERROR;
				GCC_WARN_UNDECLARED_SELECTOR = YES;
				GCC_WARN_UNINITIALIZED_AUTOS = YES_AGGRESSIVE;
				GCC_WARN_UNUSED_FUNCTION = YES;
				GCC_WARN_UNUSED_VARIABLE = YES;
				IPHONEOS_DEPLOYMENT_TARGET = 10.2;
				MTL_ENABLE_DEBUG_INFO = YES;
				ONLY_ACTIVE_ARCH = YES;
				SDKROOT = iphoneos;
			};
			name = Debug;
		};
		C60E03651F25DBDF00954BD5 /* Release */ = {
			isa = XCBuildConfiguration;
			buildSettings = {
				ALWAYS_SEARCH_USER_PATHS = NO;
				CLANG_ANALYZER_NONNULL = YES;
				CLANG_CXX_LANGUAGE_STANDARD = "gnu++0x";
				CLANG_CXX_LIBRARY = "libc++";
				CLANG_ENABLE_MODULES = YES;
				CLANG_ENABLE_OBJC_ARC = YES;
				CLANG_WARN_BLOCK_CAPTURE_AUTORELEASING = YES;
				CLANG_WARN_BOOL_CONVERSION = YES;
				CLANG_WARN_COMMA = YES;
				CLANG_WARN_CONSTANT_CONVERSION = YES;
				CLANG_WARN_DIRECT_OBJC_ISA_USAGE = YES_ERROR;
				CLANG_WARN_DOCUMENTATION_COMMENTS = YES;
				CLANG_WARN_EMPTY_BODY = YES;
				CLANG_WARN_ENUM_CONVERSION = YES;
				CLANG_WARN_INFINITE_RECURSION = YES;
				CLANG_WARN_INT_CONVERSION = YES;
				CLANG_WARN_NON_LITERAL_NULL_CONVERSION = YES;
				CLANG_WARN_OBJC_LITERAL_CONVERSION = YES;
				CLANG_WARN_OBJC_ROOT_CLASS = YES_ERROR;
				CLANG_WARN_RANGE_LOOP_ANALYSIS = YES;
				CLANG_WARN_STRICT_PROTOTYPES = YES;
				CLANG_WARN_SUSPICIOUS_MOVE = YES;
				CLANG_WARN_UNREACHABLE_CODE = YES;
				CLANG_WARN__DUPLICATE_METHOD_MATCH = YES;
				"CODE_SIGN_IDENTITY[sdk=iphoneos*]" = "iPhone Developer";
				COPY_PHASE_STRIP = NO;
				DEBUG_INFORMATION_FORMAT = "dwarf-with-dsym";
				ENABLE_NS_ASSERTIONS = NO;
				ENABLE_STRICT_OBJC_MSGSEND = YES;
				GCC_C_LANGUAGE_STANDARD = gnu99;
				GCC_NO_COMMON_BLOCKS = YES;
				GCC_WARN_64_TO_32_BIT_CONVERSION = YES;
				GCC_WARN_ABOUT_RETURN_TYPE = YES_ERROR;
				GCC_WARN_UNDECLARED_SELECTOR = YES;
				GCC_WARN_UNINITIALIZED_AUTOS = YES_AGGRESSIVE;
				GCC_WARN_UNUSED_FUNCTION = YES;
				GCC_WARN_UNUSED_VARIABLE = YES;
				IPHONEOS_DEPLOYMENT_TARGET = 10.2;
				MTL_ENABLE_DEBUG_INFO = NO;
				SDKROOT = iphoneos;
				VALIDATE_PRODUCT = YES;
			};
			name = Release;
		};
		C60E03671F25DBDF00954BD5 /* Debug */ = {
			isa = XCBuildConfiguration;
			buildSettings = {
				ASSETCATALOG_COMPILER_APPICON_NAME = AppIcon;
				DEVELOPMENT_TEAM = ZE26F429EL;
				INFOPLIST_FILE = LYSheetCustom/Info.plist;
				IPHONEOS_DEPLOYMENT_TARGET = 8.0;
				LD_RUNPATH_SEARCH_PATHS = "$(inherited) @executable_path/Frameworks";
				PRODUCT_BUNDLE_IDENTIFIER = com.liyang.LYSheetCustom;
				PRODUCT_NAME = "$(TARGET_NAME)";
			};
			name = Debug;
		};
		C60E03681F25DBDF00954BD5 /* Release */ = {
			isa = XCBuildConfiguration;
			buildSettings = {
				ASSETCATALOG_COMPILER_APPICON_NAME = AppIcon;
				DEVELOPMENT_TEAM = ZE26F429EL;
				INFOPLIST_FILE = LYSheetCustom/Info.plist;
				IPHONEOS_DEPLOYMENT_TARGET = 8.0;
				LD_RUNPATH_SEARCH_PATHS = "$(inherited) @executable_path/Frameworks";
				PRODUCT_BUNDLE_IDENTIFIER = com.liyang.LYSheetCustom;
				PRODUCT_NAME = "$(TARGET_NAME)";
			};
			name = Release;
		};
		C60E036A1F25DBDF00954BD5 /* Debug */ = {
			isa = XCBuildConfiguration;
			buildSettings = {
				BUNDLE_LOADER = "$(TEST_HOST)";
				DEVELOPMENT_TEAM = ZE26F429EL;
				INFOPLIST_FILE = LYSheetCustomTests/Info.plist;
				IPHONEOS_DEPLOYMENT_TARGET = 10.1;
				LD_RUNPATH_SEARCH_PATHS = "$(inherited) @executable_path/Frameworks @loader_path/Frameworks";
				PRODUCT_BUNDLE_IDENTIFIER = com.kosien.LYSheetCustomTests;
				PRODUCT_NAME = "$(TARGET_NAME)";
				TEST_HOST = "$(BUILT_PRODUCTS_DIR)/LYSheetCustom.app/LYSheetCustom";
			};
			name = Debug;
		};
		C60E036B1F25DBDF00954BD5 /* Release */ = {
			isa = XCBuildConfiguration;
			buildSettings = {
				BUNDLE_LOADER = "$(TEST_HOST)";
				DEVELOPMENT_TEAM = ZE26F429EL;
				INFOPLIST_FILE = LYSheetCustomTests/Info.plist;
				IPHONEOS_DEPLOYMENT_TARGET = 10.1;
				LD_RUNPATH_SEARCH_PATHS = "$(inherited) @executable_path/Frameworks @loader_path/Frameworks";
				PRODUCT_BUNDLE_IDENTIFIER = com.kosien.LYSheetCustomTests;
				PRODUCT_NAME = "$(TARGET_NAME)";
				TEST_HOST = "$(BUILT_PRODUCTS_DIR)/LYSheetCustom.app/LYSheetCustom";
			};
			name = Release;
		};
		C60E036D1F25DBDF00954BD5 /* Debug */ = {
			isa = XCBuildConfiguration;
			buildSettings = {
				DEVELOPMENT_TEAM = ZE26F429EL;
				INFOPLIST_FILE = LYSheetCustomUITests/Info.plist;
				IPHONEOS_DEPLOYMENT_TARGET = 10.1;
				LD_RUNPATH_SEARCH_PATHS = "$(inherited) @executable_path/Frameworks @loader_path/Frameworks";
				PRODUCT_BUNDLE_IDENTIFIER = com.kosien.LYSheetCustomUITests;
				PRODUCT_NAME = "$(TARGET_NAME)";
				TEST_TARGET_NAME = LYSheetCustom;
			};
			name = Debug;
		};
		C60E036E1F25DBDF00954BD5 /* Release */ = {
			isa = XCBuildConfiguration;
			buildSettings = {
				DEVELOPMENT_TEAM = ZE26F429EL;
				INFOPLIST_FILE = LYSheetCustomUITests/Info.plist;
				IPHONEOS_DEPLOYMENT_TARGET = 10.1;
				LD_RUNPATH_SEARCH_PATHS = "$(inherited) @executable_path/Frameworks @loader_path/Frameworks";
				PRODUCT_BUNDLE_IDENTIFIER = com.kosien.LYSheetCustomUITests;
				PRODUCT_NAME = "$(TARGET_NAME)";
				TEST_TARGET_NAME = LYSheetCustom;
			};
			name = Release;
		};
/* End XCBuildConfiguration section */

/* Begin XCConfigurationList section */
		C60E03341F25DBDF00954BD5 /* Build configuration list for PBXProject "LYSheetCustom" */ = {
			isa = XCConfigurationList;
			buildConfigurations = (
				C60E03641F25DBDF00954BD5 /* Debug */,
				C60E03651F25DBDF00954BD5 /* Release */,
			);
			defaultConfigurationIsVisible = 0;
			defaultConfigurationName = Release;
		};
		C60E03661F25DBDF00954BD5 /* Build configuration list for PBXNativeTarget "LYSheetCustom" */ = {
			isa = XCConfigurationList;
			buildConfigurations = (
				C60E03671F25DBDF00954BD5 /* Debug */,
				C60E03681F25DBDF00954BD5 /* Release */,
			);
			defaultConfigurationIsVisible = 0;
			defaultConfigurationName = Release;
		};
		C60E03691F25DBDF00954BD5 /* Build configuration list for PBXNativeTarget "LYSheetCustomTests" */ = {
			isa = XCConfigurationList;
			buildConfigurations = (
				C60E036A1F25DBDF00954BD5 /* Debug */,
				C60E036B1F25DBDF00954BD5 /* Release */,
			);
			defaultConfigurationIsVisible = 0;
			defaultConfigurationName = Release;
		};
		C60E036C1F25DBDF00954BD5 /* Build configuration list for PBXNativeTarget "LYSheetCustomUITests" */ = {
			isa = XCConfigurationList;
			buildConfigurations = (
				C60E036D1F25DBDF00954BD5 /* Debug */,
				C60E036E1F25DBDF00954BD5 /* Release */,
			);
			defaultConfigurationIsVisible = 0;
			defaultConfigurationName = Release;
		};
/* End XCConfigurationList section */
	};
	rootObject = C60E03311F25DBDF00954BD5 /* Project object */;
}
